// !$*UTF8*$!
{
	archiveVersion = 1;
	classes = {
	};
	objectVersion = 48;
	objects = {

/* Begin PBXBuildFile section */
		6D0CF14A20E6639F00A2B670 /* favoriteRecipesViewController.swift in Sources */ = {isa = PBXBuildFile; fileRef = 6D0CF14920E6639F00A2B670 /* favoriteRecipesViewController.swift */; };
		6D0CF14C20E6688800A2B670 /* RecipeDataConfiguration.swift in Sources */ = {isa = PBXBuildFile; fileRef = 6D0CF14B20E6688800A2B670 /* RecipeDataConfiguration.swift */; };
		6D0CF15020E6BC3000A2B670 /* Poultry.jpg in Resources */ = {isa = PBXBuildFile; fileRef = 6D0CF14F20E6BC3000A2B670 /* Poultry.jpg */; };
		6D15368420D7E7CC007B311C /* googleSignIn.png in Resources */ = {isa = PBXBuildFile; fileRef = 6D15368320D7E7CC007B311C /* googleSignIn.png */; };
		6D5D4B1C20D95DC800390BFB /* RecipiesViewController.swift in Sources */ = {isa = PBXBuildFile; fileRef = 6D5D4B1B20D95DC800390BFB /* RecipiesViewController.swift */; };
		6D5D4B1E20DA80EF00390BFB /* RecipeCollectionViewCell.swift in Sources */ = {isa = PBXBuildFile; fileRef = 6D5D4B1D20DA80EF00390BFB /* RecipeCollectionViewCell.swift */; };
		6DB056AE20D6EB9700A32956 /* SignInViewController.swift in Sources */ = {isa = PBXBuildFile; fileRef = 6DB056AD20D6EB9700A32956 /* SignInViewController.swift */; };
		6DB056B020D6EC6A00A32956 /* CurrentUserRecipiesViewController.swift in Sources */ = {isa = PBXBuildFile; fileRef = 6DB056AF20D6EC6A00A32956 /* CurrentUserRecipiesViewController.swift */; };
		6DF6FA7620DBBC7100D210C6 /* RecipeDetailsViewController.swift in Sources */ = {isa = PBXBuildFile; fileRef = 6DF6FA7520DBBC7100D210C6 /* RecipeDetailsViewController.swift */; };
		6DFFF47920D5737700368A45 /* AppDelegate.swift in Sources */ = {isa = PBXBuildFile; fileRef = 6DFFF47820D5737700368A45 /* AppDelegate.swift */; };
		6DFFF47B20D5737700368A45 /* MyRecipiesViewController.swift in Sources */ = {isa = PBXBuildFile; fileRef = 6DFFF47A20D5737700368A45 /* MyRecipiesViewController.swift */; };
		6DFFF47E20D5737700368A45 /* Main.storyboard in Resources */ = {isa = PBXBuildFile; fileRef = 6DFFF47C20D5737700368A45 /* Main.storyboard */; };
		6DFFF48120D5737700368A45 /* cook_book.xcdatamodeld in Sources */ = {isa = PBXBuildFile; fileRef = 6DFFF47F20D5737700368A45 /* cook_book.xcdatamodeld */; };
		6DFFF48320D5737700368A45 /* Assets.xcassets in Resources */ = {isa = PBXBuildFile; fileRef = 6DFFF48220D5737700368A45 /* Assets.xcassets */; };
		6DFFF48620D5737700368A45 /* LaunchScreen.storyboard in Resources */ = {isa = PBXBuildFile; fileRef = 6DFFF48420D5737700368A45 /* LaunchScreen.storyboard */; };
		6DFFF48E20D57A0300368A45 /* GoogleService-Info.plist in Resources */ = {isa = PBXBuildFile; fileRef = 6DFFF48D20D57A0200368A45 /* GoogleService-Info.plist */; };
		FF24C585519231558D0CF3FB /* Pods_cook_book.framework in Frameworks */ = {isa = PBXBuildFile; fileRef = 67128A0D94A1433C0F3E32B8 /* Pods_cook_book.framework */; };
/* End PBXBuildFile section */

/* Begin PBXFileReference section */
		2CEB553098BC10CAAE16CE05 /* Pods-cook-book.release.xcconfig */ = {isa = PBXFileReference; includeInIndex = 1; lastKnownFileType = text.xcconfig; name = "Pods-cook-book.release.xcconfig"; path = "Pods/Target Support Files/Pods-cook-book/Pods-cook-book.release.xcconfig"; sourceTree = "<group>"; };
		67128A0D94A1433C0F3E32B8 /* Pods_cook_book.framework */ = {isa = PBXFileReference; explicitFileType = wrapper.framework; includeInIndex = 0; path = Pods_cook_book.framework; sourceTree = BUILT_PRODUCTS_DIR; };
		6D0CF14920E6639F00A2B670 /* favoriteRecipesViewController.swift */ = {isa = PBXFileReference; lastKnownFileType = sourcecode.swift; path = favoriteRecipesViewController.swift; sourceTree = "<group>"; };
		6D0CF14B20E6688800A2B670 /* RecipeDataConfiguration.swift */ = {isa = PBXFileReference; lastKnownFileType = sourcecode.swift; path = RecipeDataConfiguration.swift; sourceTree = "<group>"; };
		6D0CF14F20E6BC3000A2B670 /* Poultry.jpg */ = {isa = PBXFileReference; lastKnownFileType = image.jpeg; name = Poultry.jpg; path = ../../../../Downloads/Poultry.jpg; sourceTree = "<group>"; };
		6D15368320D7E7CC007B311C /* googleSignIn.png */ = {isa = PBXFileReference; lastKnownFileType = image.png; path = googleSignIn.png; sourceTree = "<group>"; };
		6D5D4B1B20D95DC800390BFB /* RecipiesViewController.swift */ = {isa = PBXFileReference; lastKnownFileType = sourcecode.swift; path = RecipiesViewController.swift; sourceTree = "<group>"; };
		6D5D4B1D20DA80EF00390BFB /* RecipeCollectionViewCell.swift */ = {isa = PBXFileReference; lastKnownFileType = sourcecode.swift; path = RecipeCollectionViewCell.swift; sourceTree = "<group>"; };
		6DB056AD20D6EB9700A32956 /* SignInViewController.swift */ = {isa = PBXFileReference; lastKnownFileType = sourcecode.swift; path = SignInViewController.swift; sourceTree = "<group>"; };
		6DB056AF20D6EC6A00A32956 /* CurrentUserRecipiesViewController.swift */ = {isa = PBXFileReference; lastKnownFileType = sourcecode.swift; path = CurrentUserRecipiesViewController.swift; sourceTree = "<group>"; };
		6DF6FA7520DBBC7100D210C6 /* RecipeDetailsViewController.swift */ = {isa = PBXFileReference; lastKnownFileType = sourcecode.swift; path = RecipeDetailsViewController.swift; sourceTree = "<group>"; };
		6DFFF47520D5737700368A45 /* cook-book.app */ = {isa = PBXFileReference; explicitFileType = wrapper.application; includeInIndex = 0; path = "cook-book.app"; sourceTree = BUILT_PRODUCTS_DIR; };
		6DFFF47820D5737700368A45 /* AppDelegate.swift */ = {isa = PBXFileReference; lastKnownFileType = sourcecode.swift; path = AppDelegate.swift; sourceTree = "<group>"; };
		6DFFF47A20D5737700368A45 /* MyRecipiesViewController.swift */ = {isa = PBXFileReference; lastKnownFileType = sourcecode.swift; path = MyRecipiesViewController.swift; sourceTree = "<group>"; };
		6DFFF47D20D5737700368A45 /* Base */ = {isa = PBXFileReference; lastKnownFileType = file.storyboard; name = Base; path = Base.lproj/Main.storyboard; sourceTree = "<group>"; };
		6DFFF48020D5737700368A45 /* cook_book.xcdatamodel */ = {isa = PBXFileReference; lastKnownFileType = wrapper.xcdatamodel; path = cook_book.xcdatamodel; sourceTree = "<group>"; };
		6DFFF48220D5737700368A45 /* Assets.xcassets */ = {isa = PBXFileReference; lastKnownFileType = folder.assetcatalog; path = Assets.xcassets; sourceTree = "<group>"; };
		6DFFF48520D5737700368A45 /* Base */ = {isa = PBXFileReference; lastKnownFileType = file.storyboard; name = Base; path = Base.lproj/LaunchScreen.storyboard; sourceTree = "<group>"; };
		6DFFF48720D5737700368A45 /* Info.plist */ = {isa = PBXFileReference; lastKnownFileType = text.plist.xml; path = Info.plist; sourceTree = "<group>"; };
		6DFFF48D20D57A0200368A45 /* GoogleService-Info.plist */ = {isa = PBXFileReference; fileEncoding = 4; lastKnownFileType = text.plist.xml; path = "GoogleService-Info.plist"; sourceTree = "<group>"; };
		C0B1711A7F7CFAF08D93524E /* Pods-cook-book.debug.xcconfig */ = {isa = PBXFileReference; includeInIndex = 1; lastKnownFileType = text.xcconfig; name = "Pods-cook-book.debug.xcconfig"; path = "Pods/Target Support Files/Pods-cook-book/Pods-cook-book.debug.xcconfig"; sourceTree = "<group>"; };
/* End PBXFileReference section */

/* Begin PBXFrameworksBuildPhase section */
		6DFFF47220D5737700368A45 /* Frameworks */ = {
			isa = PBXFrameworksBuildPhase;
			buildActionMask = 2147483647;
			files = (
				FF24C585519231558D0CF3FB /* Pods_cook_book.framework in Frameworks */,
			);
			runOnlyForDeploymentPostprocessing = 0;
		};
/* End PBXFrameworksBuildPhase section */

/* Begin PBXGroup section */
		5705A812DE81B7B61B477C4E /* Frameworks */ = {
			isa = PBXGroup;
			children = (
				67128A0D94A1433C0F3E32B8 /* Pods_cook_book.framework */,
			);
			name = Frameworks;
			sourceTree = "<group>";
		};
		6DF6FA7320DB8A9F00D210C6 /* APIRecipies */ = {
			isa = PBXGroup;
			children = (
				6D5D4B1B20D95DC800390BFB /* RecipiesViewController.swift */,
				6D5D4B1D20DA80EF00390BFB /* RecipeCollectionViewCell.swift */,
				6DF6FA7520DBBC7100D210C6 /* RecipeDetailsViewController.swift */,
			);
			path = APIRecipies;
			sourceTree = "<group>";
		};
		6DF6FA7420DB8B2500D210C6 /* userRecipies */ = {
			isa = PBXGroup;
			children = (
				6DFFF47A20D5737700368A45 /* MyRecipiesViewController.swift */,
				6DB056AD20D6EB9700A32956 /* SignInViewController.swift */,
				6DB056AF20D6EC6A00A32956 /* CurrentUserRecipiesViewController.swift */,
			);
			path = userRecipies;
			sourceTree = "<group>";
		};
		6DFFF46C20D5737700368A45 = {
			isa = PBXGroup;
			children = (
				6DFFF47720D5737700368A45 /* cook-book */,
				6DFFF47620D5737700368A45 /* Products */,
				B84B74379D9E83655E5B7490 /* Pods */,
				5705A812DE81B7B61B477C4E /* Frameworks */,
			);
			sourceTree = "<group>";
		};
		6DFFF47620D5737700368A45 /* Products */ = {
			isa = PBXGroup;
			children = (
				6DFFF47520D5737700368A45 /* cook-book.app */,
			);
			name = Products;
			sourceTree = "<group>";
		};
		6DFFF47720D5737700368A45 /* cook-book */ = {
			isa = PBXGroup;
			children = (
				6D0CF14F20E6BC3000A2B670 /* Poultry.jpg */,
				6D15368320D7E7CC007B311C /* googleSignIn.png */,
				6DFFF48D20D57A0200368A45 /* GoogleService-Info.plist */,
				6DFFF47820D5737700368A45 /* AppDelegate.swift */,
				6DFFF47C20D5737700368A45 /* Main.storyboard */,
				6DFFF48220D5737700368A45 /* Assets.xcassets */,
				6DFFF48420D5737700368A45 /* LaunchScreen.storyboard */,
				6DFFF48720D5737700368A45 /* Info.plist */,
				6DFFF47F20D5737700368A45 /* cook_book.xcdatamodeld */,
				6DF6FA7420DB8B2500D210C6 /* userRecipies */,
				6DF6FA7320DB8A9F00D210C6 /* APIRecipies */,
				6D0CF14920E6639F00A2B670 /* favoriteRecipesViewController.swift */,
				6D0CF14B20E6688800A2B670 /* RecipeDataConfiguration.swift */,
			);
			path = "cook-book";
			sourceTree = "<group>";
		};
		B84B74379D9E83655E5B7490 /* Pods */ = {
			isa = PBXGroup;
			children = (
				C0B1711A7F7CFAF08D93524E /* Pods-cook-book.debug.xcconfig */,
				2CEB553098BC10CAAE16CE05 /* Pods-cook-book.release.xcconfig */,
			);
			name = Pods;
			sourceTree = "<group>";
		};
/* End PBXGroup section */

/* Begin PBXNativeTarget section */
		6DFFF47420D5737700368A45 /* cook-book */ = {
			isa = PBXNativeTarget;
			buildConfigurationList = 6DFFF48A20D5737700368A45 /* Build configuration list for PBXNativeTarget "cook-book" */;
			buildPhases = (
				1781AAF5FC15A44DD81B2092 /* [CP] Check Pods Manifest.lock */,
				6DFFF47120D5737700368A45 /* Sources */,
				6DFFF47220D5737700368A45 /* Frameworks */,
				6DFFF47320D5737700368A45 /* Resources */,
				4216E57BB430DC663A6FD627 /* [CP] Embed Pods Frameworks */,
				193449A7748C8DBF00BF422C /* [CP] Copy Pods Resources */,
			);
			buildRules = (
			);
			dependencies = (
			);
			name = "cook-book";
			productName = "cook-book";
			productReference = 6DFFF47520D5737700368A45 /* cook-book.app */;
			productType = "com.apple.product-type.application";
		};
/* End PBXNativeTarget section */

/* Begin PBXProject section */
		6DFFF46D20D5737700368A45 /* Project object */ = {
			isa = PBXProject;
			attributes = {
				LastSwiftUpdateCheck = 0900;
				LastUpgradeCheck = 0900;
				ORGANIZATIONNAME = student.roey.honig;
				TargetAttributes = {
					6DFFF47420D5737700368A45 = {
						CreatedOnToolsVersion = 9.0.1;
						ProvisioningStyle = Automatic;
					};
				};
			};
			buildConfigurationList = 6DFFF47020D5737700368A45 /* Build configuration list for PBXProject "cook-book" */;
			compatibilityVersion = "Xcode 8.0";
			developmentRegion = en;
			hasScannedForEncodings = 0;
			knownRegions = (
				en,
				Base,
			);
			mainGroup = 6DFFF46C20D5737700368A45;
			productRefGroup = 6DFFF47620D5737700368A45 /* Products */;
			projectDirPath = "";
			projectRoot = "";
			targets = (
				6DFFF47420D5737700368A45 /* cook-book */,
			);
		};
/* End PBXProject section */

/* Begin PBXResourcesBuildPhase section */
		6DFFF47320D5737700368A45 /* Resources */ = {
			isa = PBXResourcesBuildPhase;
			buildActionMask = 2147483647;
			files = (
				6DFFF48620D5737700368A45 /* LaunchScreen.storyboard in Resources */,
				6DFFF48E20D57A0300368A45 /* GoogleService-Info.plist in Resources */,
				6D15368420D7E7CC007B311C /* googleSignIn.png in Resources */,
				6D0CF15020E6BC3000A2B670 /* Poultry.jpg in Resources */,
				6DFFF48320D5737700368A45 /* Assets.xcassets in Resources */,
				6DFFF47E20D5737700368A45 /* Main.storyboard in Resources */,
			);
			runOnlyForDeploymentPostprocessing = 0;
		};
/* End PBXResourcesBuildPhase section */

/* Begin PBXShellScriptBuildPhase section */
		1781AAF5FC15A44DD81B2092 /* [CP] Check Pods Manifest.lock */ = {
			isa = PBXShellScriptBuildPhase;
			buildActionMask = 2147483647;
			files = (
			);
			inputPaths = (
				"${PODS_PODFILE_DIR_PATH}/Podfile.lock",
				"${PODS_ROOT}/Manifest.lock",
			);
			name = "[CP] Check Pods Manifest.lock";
			outputPaths = (
				"$(DERIVED_FILE_DIR)/Pods-cook-book-checkManifestLockResult.txt",
			);
			runOnlyForDeploymentPostprocessing = 0;
			shellPath = /bin/sh;
			shellScript = "diff \"${PODS_PODFILE_DIR_PATH}/Podfile.lock\" \"${PODS_ROOT}/Manifest.lock\" > /dev/null\nif [ $? != 0 ] ; then\n    # print error to STDERR\n    echo \"error: The sandbox is not in sync with the Podfile.lock. Run 'pod install' or update your CocoaPods installation.\" >&2\n    exit 1\nfi\n# This output is used by Xcode 'outputs' to avoid re-running this script phase.\necho \"SUCCESS\" > \"${SCRIPT_OUTPUT_FILE_0}\"\n";
			showEnvVarsInLog = 0;
		};
		193449A7748C8DBF00BF422C /* [CP] Copy Pods Resources */ = {
			isa = PBXShellScriptBuildPhase;
			buildActionMask = 2147483647;
			files = (
			);
			inputPaths = (
				"${SRCROOT}/Pods/Target Support Files/Pods-cook-book/Pods-cook-book-resources.sh",
				"${PODS_ROOT}/GoogleSignIn/Resources/GoogleSignIn.bundle",
			);
			name = "[CP] Copy Pods Resources";
			outputPaths = (
				"${TARGET_BUILD_DIR}/${UNLOCALIZED_RESOURCES_FOLDER_PATH}/GoogleSignIn.bundle",
			);
			runOnlyForDeploymentPostprocessing = 0;
			shellPath = /bin/sh;
			shellScript = "\"${SRCROOT}/Pods/Target Support Files/Pods-cook-book/Pods-cook-book-resources.sh\"\n";
			showEnvVarsInLog = 0;
		};
		4216E57BB430DC663A6FD627 /* [CP] Embed Pods Frameworks */ = {
			isa = PBXShellScriptBuildPhase;
			buildActionMask = 2147483647;
			files = (
			);
			inputPaths = (
				"${SRCROOT}/Pods/Target Support Files/Pods-cook-book/Pods-cook-book-frameworks.sh",
				"${BUILT_PRODUCTS_DIR}/Bolts/Bolts.framework",
				"${BUILT_PRODUCTS_DIR}/FBSDKCoreKit/FBSDKCoreKit.framework",
				"${BUILT_PRODUCTS_DIR}/FBSDKLoginKit/FBSDKLoginKit.framework",
				"${BUILT_PRODUCTS_DIR}/GTMOAuth2/GTMOAuth2.framework",
				"${BUILT_PRODUCTS_DIR}/GTMSessionFetcher/GTMSessionFetcher.framework",
				"${BUILT_PRODUCTS_DIR}/GoogleToolboxForMac/GoogleToolboxForMac.framework",
				"${BUILT_PRODUCTS_DIR}/SDWebImage/SDWebImage.framework",
				"${BUILT_PRODUCTS_DIR}/nanopb/nanopb.framework",
			);
			name = "[CP] Embed Pods Frameworks";
			outputPaths = (
				"${TARGET_BUILD_DIR}/${FRAMEWORKS_FOLDER_PATH}/Bolts.framework",
				"${TARGET_BUILD_DIR}/${FRAMEWORKS_FOLDER_PATH}/FBSDKCoreKit.framework",
				"${TARGET_BUILD_DIR}/${FRAMEWORKS_FOLDER_PATH}/FBSDKLoginKit.framework",
				"${TARGET_BUILD_DIR}/${FRAMEWORKS_FOLDER_PATH}/GTMOAuth2.framework",
				"${TARGET_BUILD_DIR}/${FRAMEWORKS_FOLDER_PATH}/GTMSessionFetcher.framework",
				"${TARGET_BUILD_DIR}/${FRAMEWORKS_FOLDER_PATH}/GoogleToolboxForMac.framework",
				"${TARGET_BUILD_DIR}/${FRAMEWORKS_FOLDER_PATH}/SDWebImage.framework",
				"${TARGET_BUILD_DIR}/${FRAMEWORKS_FOLDER_PATH}/nanopb.framework",
			);
			runOnlyForDeploymentPostprocessing = 0;
			shellPath = /bin/sh;
			shellScript = "\"${SRCROOT}/Pods/Target Support Files/Pods-cook-book/Pods-cook-book-frameworks.sh\"\n";
			showEnvVarsInLog = 0;
		};
/* End PBXShellScriptBuildPhase section */

/* Begin PBXSourcesBuildPhase section */
		6DFFF47120D5737700368A45 /* Sources */ = {
			isa = PBXSourcesBuildPhase;
			buildActionMask = 2147483647;
			files = (
				6DB056AE20D6EB9700A32956 /* SignInViewController.swift in Sources */,
				6DFFF47B20D5737700368A45 /* MyRecipiesViewController.swift in Sources */,
				6DFFF47920D5737700368A45 /* AppDelegate.swift in Sources */,
				6DF6FA7620DBBC7100D210C6 /* RecipeDetailsViewController.swift in Sources */,
				6D0CF14C20E6688800A2B670 /* RecipeDataConfiguration.swift in Sources */,
				6D0CF14A20E6639F00A2B670 /* favoriteRecipesViewController.swift in Sources */,
				6DFFF48120D5737700368A45 /* cook_book.xcdatamodeld in Sources */,
				6D5D4B1E20DA80EF00390BFB /* RecipeCollectionViewCell.swift in Sources */,
				6D5D4B1C20D95DC800390BFB /* RecipiesViewController.swift in Sources */,
				6DB056B020D6EC6A00A32956 /* CurrentUserRecipiesViewController.swift in Sources */,
			);
			runOnlyForDeploymentPostprocessing = 0;
		};
/* End PBXSourcesBuildPhase section */

/* Begin PBXVariantGroup section */
		6DFFF47C20D5737700368A45 /* Main.storyboard */ = {
			isa = PBXVariantGroup;
			children = (
				6DFFF47D20D5737700368A45 /* Base */,
			);
			name = Main.storyboard;
			sourceTree = "<group>";
		};
		6DFFF48420D5737700368A45 /* LaunchScreen.storyboard */ = {
			isa = PBXVariantGroup;
			children = (
				6DFFF48520D5737700368A45 /* Base */,
			);
			name = LaunchScreen.storyboard;
			sourceTree = "<group>";
		};
/* End PBXVariantGroup section */

/* Begin XCBuildConfiguration section */
		6DFFF48820D5737700368A45 /* Debug */ = {
			isa = XCBuildConfiguration;
			buildSettings = {
				ALWAYS_SEARCH_USER_PATHS = NO;
				CLANG_ANALYZER_NONNULL = YES;
				CLANG_ANALYZER_NUMBER_OBJECT_CONVERSION = YES_AGGRESSIVE;
				CLANG_CXX_LANGUAGE_STANDARD = "gnu++14";
				CLANG_CXX_LIBRARY = "libc++";
				CLANG_ENABLE_MODULES = YES;
				CLANG_ENABLE_OBJC_ARC = YES;
				CLANG_WARN_BLOCK_CAPTURE_AUTORELEASING = YES;
				CLANG_WARN_BOOL_CONVERSION = YES;
				CLANG_WARN_COMMA = YES;
				CLANG_WARN_CONSTANT_CONVERSION = YES;
				CLANG_WARN_DIRECT_OBJC_ISA_USAGE = YES_ERROR;
				CLANG_WARN_DOCUMENTATION_COMMENTS = YES;
				CLANG_WARN_EMPTY_BODY = YES;
				CLANG_WARN_ENUM_CONVERSION = YES;
				CLANG_WARN_INFINITE_RECURSION = YES;
				CLANG_WARN_INT_CONVERSION = YES;
				CLANG_WARN_NON_LITERAL_NULL_CONVERSION = YES;
				CLANG_WARN_OBJC_LITERAL_CONVERSION = YES;
				CLANG_WARN_OBJC_ROOT_CLASS = YES_ERROR;
				CLANG_WARN_RANGE_LOOP_ANALYSIS = YES;
				CLANG_WARN_STRICT_PROTOTYPES = YES;
				CLANG_WARN_SUSPICIOUS_MOVE = YES;
				CLANG_WARN_UNGUARDED_AVAILABILITY = YES_AGGRESSIVE;
				CLANG_WARN_UNREACHABLE_CODE = YES;
				CLANG_WARN__DUPLICATE_METHOD_MATCH = YES;
				CODE_SIGN_IDENTITY = "iPhone Developer";
				COPY_PHASE_STRIP = NO;
				DEBUG_INFORMATION_FORMAT = dwarf;
				ENABLE_STRICT_OBJC_MSGSEND = YES;
				ENABLE_TESTABILITY = YES;
				GCC_C_LANGUAGE_STANDARD = gnu11;
				GCC_DYNAMIC_NO_PIC = NO;
				GCC_NO_COMMON_BLOCKS = YES;
				GCC_OPTIMIZATION_LEVEL = 0;
				GCC_PREPROCESSOR_DEFINITIONS = (
					"DEBUG=1",
					"$(inherited)",
				);
				GCC_WARN_64_TO_32_BIT_CONVERSION = YES;
				GCC_WARN_ABOUT_RETURN_TYPE = YES_ERROR;
				GCC_WARN_UNDECLARED_SELECTOR = YES;
				GCC_WARN_UNINITIALIZED_AUTOS = YES_AGGRESSIVE;
				GCC_WARN_UNUSED_FUNCTION = YES;
				GCC_WARN_UNUSED_VARIABLE = YES;
				IPHONEOS_DEPLOYMENT_TARGET = 11.0;
				MTL_ENABLE_DEBUG_INFO = YES;
				ONLY_ACTIVE_ARCH = YES;
				SDKROOT = iphoneos;
				SWIFT_ACTIVE_COMPILATION_CONDITIONS = DEBUG;
				SWIFT_OPTIMIZATION_LEVEL = "-Onone";
			};
			name = Debug;
		};
		6DFFF48920D5737700368A45 /* Release */ = {
			isa = XCBuildConfiguration;
			buildSettings = {
				ALWAYS_SEARCH_USER_PATHS = NO;
				CLANG_ANALYZER_NONNULL = YES;
				CLANG_ANALYZER_NUMBER_OBJECT_CONVERSION = YES_AGGRESSIVE;
				CLANG_CXX_LANGUAGE_STANDARD = "gnu++14";
				CLANG_CXX_LIBRARY = "libc++";
				CLANG_ENABLE_MODULES = YES;
				CLANG_ENABLE_OBJC_ARC = YES;
				CLANG_WARN_BLOCK_CAPTURE_AUTORELEASING = YES;
				CLANG_WARN_BOOL_CONVERSION = YES;
				CLANG_WARN_COMMA = YES;
				CLANG_WARN_CONSTANT_CONVERSION = YES;
				CLANG_WARN_DIRECT_OBJC_ISA_USAGE = YES_ERROR;
				CLANG_WARN_DOCUMENTATION_COMMENTS = YES;
				CLANG_WARN_EMPTY_BODY = YES;
				CLANG_WARN_ENUM_CONVERSION = YES;
				CLANG_WARN_INFINITE_RECURSION = YES;
				CLANG_WARN_INT_CONVERSION = YES;
				CLANG_WARN_NON_LITERAL_NULL_CONVERSION = YES;
				CLANG_WARN_OBJC_LITERAL_CONVERSION = YES;
				CLANG_WARN_OBJC_ROOT_CLASS = YES_ERROR;
				CLANG_WARN_RANGE_LOOP_ANALYSIS = YES;
				CLANG_WARN_STRICT_PROTOTYPES = YES;
				CLANG_WARN_SUSPICIOUS_MOVE = YES;
				CLANG_WARN_UNGUARDED_AVAILABILITY = YES_AGGRESSIVE;
				CLANG_WARN_UNREACHABLE_CODE = YES;
				CLANG_WARN__DUPLICATE_METHOD_MATCH = YES;
				CODE_SIGN_IDENTITY = "iPhone Developer";
				COPY_PHASE_STRIP = NO;
				DEBUG_INFORMATION_FORMAT = "dwarf-with-dsym";
				ENABLE_NS_ASSERTIONS = NO;
				ENABLE_STRICT_OBJC_MSGSEND = YES;
				GCC_C_LANGUAGE_STANDARD = gnu11;
				GCC_NO_COMMON_BLOCKS = YES;
				GCC_WARN_64_TO_32_BIT_CONVERSION = YES;
				GCC_WARN_ABOUT_RETURN_TYPE = YES_ERROR;
				GCC_WARN_UNDECLARED_SELECTOR = YES;
				GCC_WARN_UNINITIALIZED_AUTOS = YES_AGGRESSIVE;
				GCC_WARN_UNUSED_FUNCTION = YES;
				GCC_WARN_UNUSED_VARIABLE = YES;
				IPHONEOS_DEPLOYMENT_TARGET = 11.0;
				MTL_ENABLE_DEBUG_INFO = NO;
				SDKROOT = iphoneos;
				SWIFT_OPTIMIZATION_LEVEL = "-Owholemodule";
				VALIDATE_PRODUCT = YES;
			};
			name = Release;
		};
		6DFFF48B20D5737700368A45 /* Debug */ = {
			isa = XCBuildConfiguration;
			baseConfigurationReference = C0B1711A7F7CFAF08D93524E /* Pods-cook-book.debug.xcconfig */;
			buildSettings = {
				ASSETCATALOG_COMPILER_APPICON_NAME = AppIcon;
				CODE_SIGN_STYLE = Automatic;
				INFOPLIST_FILE = "cook-book/Info.plist";
				LD_RUNPATH_SEARCH_PATHS = "$(inherited) @executable_path/Frameworks";
				PRODUCT_BUNDLE_IDENTIFIER = "student.roey.honig.cook-book";
				PRODUCT_NAME = "$(TARGET_NAME)";
				SWIFT_VERSION = 4.0;
				TARGETED_DEVICE_FAMILY = "1,2";
			};
			name = Debug;
		};
		6DFFF48C20D5737700368A45 /* Release */ = {
			isa = XCBuildConfiguration;
			baseConfigurationReference = 2CEB553098BC10CAAE16CE05 /* Pods-cook-book.release.xcconfig */;
			buildSettings = {
				ASSETCATALOG_COMPILER_APPICON_NAME = AppIcon;
				CODE_SIGN_STYLE = Automatic;
				INFOPLIST_FILE = "cook-book/Info.plist";
				LD_RUNPATH_SEARCH_PATHS = "$(inherited) @executable_path/Frameworks";
				PRODUCT_BUNDLE_IDENTIFIER = "student.roey.honig.cook-book";
				PRODUCT_NAME = "$(TARGET_NAME)";
				SWIFT_VERSION = 4.0;
				TARGETED_DEVICE_FAMILY = "1,2";
			};
			name = Release;
		};
/* End XCBuildConfiguration section */

/* Begin XCConfigurationList section */
		6DFFF47020D5737700368A45 /* Build configuration list for PBXProject "cook-book" */ = {
			isa = XCConfigurationList;
			buildConfigurations = (
				6DFFF48820D5737700368A45 /* Debug */,
				6DFFF48920D5737700368A45 /* Release */,
			);
			defaultConfigurationIsVisible = 0;
			defaultConfigurationName = Release;
		};
		6DFFF48A20D5737700368A45 /* Build configuration list for PBXNativeTarget "cook-book" */ = {
			isa = XCConfigurationList;
			buildConfigurations = (
				6DFFF48B20D5737700368A45 /* Debug */,
				6DFFF48C20D5737700368A45 /* Release */,
			);
			defaultConfigurationIsVisible = 0;
			defaultConfigurationName = Release;
		};
/* End XCConfigurationList section */

/* Begin XCVersionGroup section */
		6DFFF47F20D5737700368A45 /* cook_book.xcdatamodeld */ = {
			isa = XCVersionGroup;
			children = (
				6DFFF48020D5737700368A45 /* cook_book.xcdatamodel */,
			);
			currentVersion = 6DFFF48020D5737700368A45 /* cook_book.xcdatamodel */;
			path = cook_book.xcdatamodeld;
			sourceTree = "<group>";
			versionGroupType = wrapper.xcdatamodel;
		};
/* End XCVersionGroup section */
	};
	rootObject = 6DFFF46D20D5737700368A45 /* Project object */;
}
