// !$*UTF8*$!
{
	archiveVersion = 1;
	classes = {
	};
	objectVersion = 48;
	objects = {

/* Begin PBXBuildFile section */
		6DFFF47920D5737700368A45 /* AppDelegate.swift in Sources */ = {isa = PBXBuildFile; fileRef = 6DFFF47820D5737700368A45 /* AppDelegate.swift */; };
		6DFFF47B20D5737700368A45 /* ViewController.swift in Sources */ = {isa = PBXBuildFile; fileRef = 6DFFF47A20D5737700368A45 /* ViewController.swift */; };
		6DFFF47E20D5737700368A45 /* Main.storyboard in Resources */ = {isa = PBXBuildFile; fileRef = 6DFFF47C20D5737700368A45 /* Main.storyboard */; };
		6DFFF48120D5737700368A45 /* cook_book.xcdatamodeld in Sources */ = {isa = PBXBuildFile; fileRef = 6DFFF47F20D5737700368A45 /* cook_book.xcdatamodeld */; };
		6DFFF48320D5737700368A45 /* Assets.xcassets in Resources */ = {isa = PBXBuildFile; fileRef = 6DFFF48220D5737700368A45 /* Assets.xcassets */; };
		6DFFF48620D5737700368A45 /* LaunchScreen.storyboard in Resources */ = {isa = PBXBuildFile; fileRef = 6DFFF48420D5737700368A45 /* LaunchScreen.storyboard */; };
/* End PBXBuildFile section */

/* Begin PBXFileReference section */
		6DFFF47520D5737700368A45 /* cook-book.app */ = {isa = PBXFileReference; explicitFileType = wrapper.application; includeInIndex = 0; path = "cook-book.app"; sourceTree = BUILT_PRODUCTS_DIR; };
		6DFFF47820D5737700368A45 /* AppDelegate.swift */ = {isa = PBXFileReference; lastKnownFileType = sourcecode.swift; path = AppDelegate.swift; sourceTree = "<group>"; };
		6DFFF47A20D5737700368A45 /* ViewController.swift */ = {isa = PBXFileReference; lastKnownFileType = sourcecode.swift; path = ViewController.swift; sourceTree = "<group>"; };
		6DFFF47D20D5737700368A45 /* Base */ = {isa = PBXFileReference; lastKnownFileType = file.storyboard; name = Base; path = Base.lproj/Main.storyboard; sourceTree = "<group>"; };
		6DFFF48020D5737700368A45 /* cook_book.xcdatamodel */ = {isa = PBXFileReference; lastKnownFileType = wrapper.xcdatamodel; path = cook_book.xcdatamodel; sourceTree = "<group>"; };
		6DFFF48220D5737700368A45 /* Assets.xcassets */ = {isa = PBXFileReference; lastKnownFileType = folder.assetcatalog; path = Assets.xcassets; sourceTree = "<group>"; };
		6DFFF48520D5737700368A45 /* Base */ = {isa = PBXFileReference; lastKnownFileType = file.storyboard; name = Base; path = Base.lproj/LaunchScreen.storyboard; sourceTree = "<group>"; };
		6DFFF48720D5737700368A45 /* Info.plist */ = {isa = PBXFileReference; lastKnownFileType = text.plist.xml; path = Info.plist; sourceTree = "<group>"; };
/* End PBXFileReference section */

/* Begin PBXFrameworksBuildPhase section */
		6DFFF47220D5737700368A45 /* Frameworks */ = {
			isa = PBXFrameworksBuildPhase;
			buildActionMask = 2147483647;
			files = (
			);
			runOnlyForDeploymentPostprocessing = 0;
		};
/* End PBXFrameworksBuildPhase section */

/* Begin PBXGroup section */
		6DFFF46C20D5737700368A45 = {
			isa = PBXGroup;
			children = (
				6DFFF47720D5737700368A45 /* cook-book */,
				6DFFF47620D5737700368A45 /* Products */,
			);
			sourceTree = "<group>";
		};
		6DFFF47620D5737700368A45 /* Products */ = {
			isa = PBXGroup;
			children = (
				6DFFF47520D5737700368A45 /* cook-book.app */,
			);
			name = Products;
			sourceTree = "<group>";
		};
		6DFFF47720D5737700368A45 /* cook-book */ = {
			isa = PBXGroup;
			children = (
				6DFFF47820D5737700368A45 /* AppDelegate.swift */,
				6DFFF47A20D5737700368A45 /* ViewController.swift */,
				6DFFF47C20D5737700368A45 /* Main.storyboard */,
				6DFFF48220D5737700368A45 /* Assets.xcassets */,
				6DFFF48420D5737700368A45 /* LaunchScreen.storyboard */,
				6DFFF48720D5737700368A45 /* Info.plist */,
				6DFFF47F20D5737700368A45 /* cook_book.xcdatamodeld */,
			);
			path = "cook-book";
			sourceTree = "<group>";
		};
/* End PBXGroup section */

/* Begin PBXNativeTarget section */
		6DFFF47420D5737700368A45 /* cook-book */ = {
			isa = PBXNativeTarget;
			buildConfigurationList = 6DFFF48A20D5737700368A45 /* Build configuration list for PBXNativeTarget "cook-book" */;
			buildPhases = (
				6DFFF47120D5737700368A45 /* Sources */,
				6DFFF47220D5737700368A45 /* Frameworks */,
				6DFFF47320D5737700368A45 /* Resources */,
			);
			buildRules = (
			);
			dependencies = (
			);
			name = "cook-book";
			productName = "cook-book";
			productReference = 6DFFF47520D5737700368A45 /* cook-book.app */;
			productType = "com.apple.product-type.application";
		};
/* End PBXNativeTarget section */

/* Begin PBXProject section */
		6DFFF46D20D5737700368A45 /* Project object */ = {
			isa = PBXProject;
			attributes = {
				LastSwiftUpdateCheck = 0900;
				LastUpgradeCheck = 0900;
				ORGANIZATIONNAME = student.roey.honig;
				TargetAttributes = {
					6DFFF47420D5737700368A45 = {
						CreatedOnToolsVersion = 9.0.1;
						ProvisioningStyle = Automatic;
					};
				};
			};
			buildConfigurationList = 6DFFF47020D5737700368A45 /* Build configuration list for PBXProject "cook-book" */;
			compatibilityVersion = "Xcode 8.0";
			developmentRegion = en;
			hasScannedForEncodings = 0;
			knownRegions = (
				en,
				Base,
			);
			mainGroup = 6DFFF46C20D5737700368A45;
			productRefGroup = 6DFFF47620D5737700368A45 /* Products */;
			projectDirPath = "";
			projectRoot = "";
			targets = (
				6DFFF47420D5737700368A45 /* cook-book */,
			);
		};
/* End PBXProject section */

/* Begin PBXResourcesBuildPhase section */
		6DFFF47320D5737700368A45 /* Resources */ = {
			isa = PBXResourcesBuildPhase;
			buildActionMask = 2147483647;
			files = (
				6DFFF48620D5737700368A45 /* LaunchScreen.storyboard in Resources */,
				6DFFF48320D5737700368A45 /* Assets.xcassets in Resources */,
				6DFFF47E20D5737700368A45 /* Main.storyboard in Resources */,
			);
			runOnlyForDeploymentPostprocessing = 0;
		};
/* End PBXResourcesBuildPhase section */

/* Begin PBXSourcesBuildPhase section */
		6DFFF47120D5737700368A45 /* Sources */ = {
			isa = PBXSourcesBuildPhase;
			buildActionMask = 2147483647;
			files = (
				6DFFF47B20D5737700368A45 /* ViewController.swift in Sources */,
				6DFFF47920D5737700368A45 /* AppDelegate.swift in Sources */,
				6DFFF48120D5737700368A45 /* cook_book.xcdatamodeld in Sources */,
			);
			runOnlyForDeploymentPostprocessing = 0;
		};
/* End PBXSourcesBuildPhase section */

/* Begin PBXVariantGroup section */
		6DFFF47C20D5737700368A45 /* Main.storyboard */ = {
			isa = PBXVariantGroup;
			children = (
				6DFFF47D20D5737700368A45 /* Base */,
			);
			name = Main.storyboard;
			sourceTree = "<group>";
		};
		6DFFF48420D5737700368A45 /* LaunchScreen.storyboard */ = {
			isa = PBXVariantGroup;
			children = (
				6DFFF48520D5737700368A45 /* Base */,
			);
			name = LaunchScreen.storyboard;
			sourceTree = "<group>";
		};
/* End PBXVariantGroup section */

/* Begin XCBuildConfiguration section */
		6DFFF48820D5737700368A45 /* Debug */ = {
			isa = XCBuildConfiguration;
			buildSettings = {
				ALWAYS_SEARCH_USER_PATHS = NO;
				CLANG_ANALYZER_NONNULL = YES;
				CLANG_ANALYZER_NUMBER_OBJECT_CONVERSION = YES_AGGRESSIVE;
				CLANG_CXX_LANGUAGE_STANDARD = "gnu++14";
				CLANG_CXX_LIBRARY = "libc++";
				CLANG_ENABLE_MODULES = YES;
				CLANG_ENABLE_OBJC_ARC = YES;
				CLANG_WARN_BLOCK_CAPTURE_AUTORELEASING = YES;
				CLANG_WARN_BOOL_CONVERSION = YES;
				CLANG_WARN_COMMA = YES;
				CLANG_WARN_CONSTANT_CONVERSION = YES;
				CLANG_WARN_DIRECT_OBJC_ISA_USAGE = YES_ERROR;
				CLANG_WARN_DOCUMENTATION_COMMENTS = YES;
				CLANG_WARN_EMPTY_BODY = YES;
				CLANG_WARN_ENUM_CONVERSION = YES;
				CLANG_WARN_INFINITE_RECURSION = YES;
				CLANG_WARN_INT_CONVERSION = YES;
				CLANG_WARN_NON_LITERAL_NULL_CONVERSION = YES;
				CLANG_WARN_OBJC_LITERAL_CONVERSION = YES;
				CLANG_WARN_OBJC_ROOT_CLASS = YES_ERROR;
				CLANG_WARN_RANGE_LOOP_ANALYSIS = YES;
				CLANG_WARN_STRICT_PROTOTYPES = YES;
				CLANG_WARN_SUSPICIOUS_MOVE = YES;
				CLANG_WARN_UNGUARDED_AVAILABILITY = YES_AGGRESSIVE;
				CLANG_WARN_UNREACHABLE_CODE = YES;
				CLANG_WARN__DUPLICATE_METHOD_MATCH = YES;
				CODE_SIGN_IDENTITY = "iPhone Developer";
				COPY_PHASE_STRIP = NO;
				DEBUG_INFORMATION_FORMAT = dwarf;
				ENABLE_STRICT_OBJC_MSGSEND = YES;
				ENABLE_TESTABILITY = YES;
				GCC_C_LANGUAGE_STANDARD = gnu11;
				GCC_DYNAMIC_NO_PIC = NO;
				GCC_NO_COMMON_BLOCKS = YES;
				GCC_OPTIMIZATION_LEVEL = 0;
				GCC_PREPROCESSOR_DEFINITIONS = (
					"DEBUG=1",
					"$(inherited)",
				);
				GCC_WARN_64_TO_32_BIT_CONVERSION = YES;
				GCC_WARN_ABOUT_RETURN_TYPE = YES_ERROR;
				GCC_WARN_UNDECLARED_SELECTOR = YES;
				GCC_WARN_UNINITIALIZED_AUTOS = YES_AGGRESSIVE;
				GCC_WARN_UNUSED_FUNCTION = YES;
				GCC_WARN_UNUSED_VARIABLE = YES;
				IPHONEOS_DEPLOYMENT_TARGET = 11.0;
				MTL_ENABLE_DEBUG_INFO = YES;
				ONLY_ACTIVE_ARCH = YES;
				SDKROOT = iphoneos;
				SWIFT_ACTIVE_COMPILATION_CONDITIONS = DEBUG;
				SWIFT_OPTIMIZATION_LEVEL = "-Onone";
			};
			name = Debug;
		};
		6DFFF48920D5737700368A45 /* Release */ = {
			isa = XCBuildConfiguration;
			buildSettings = {
				ALWAYS_SEARCH_USER_PATHS = NO;
				CLANG_ANALYZER_NONNULL = YES;
				CLANG_ANALYZER_NUMBER_OBJECT_CONVERSION = YES_AGGRESSIVE;
				CLANG_CXX_LANGUAGE_STANDARD = "gnu++14";
				CLANG_CXX_LIBRARY = "libc++";
				CLANG_ENABLE_MODULES = YES;
				CLANG_ENABLE_OBJC_ARC = YES;
				CLANG_WARN_BLOCK_CAPTURE_AUTORELEASING = YES;
				CLANG_WARN_BOOL_CONVERSION = YES;
				CLANG_WARN_COMMA = YES;
				CLANG_WARN_CONSTANT_CONVERSION = YES;
				CLANG_WARN_DIRECT_OBJC_ISA_USAGE = YES_ERROR;
				CLANG_WARN_DOCUMENTATION_COMMENTS = YES;
				CLANG_WARN_EMPTY_BODY = YES;
				CLANG_WARN_ENUM_CONVERSION = YES;
				CLANG_WARN_INFINITE_RECURSION = YES;
				CLANG_WARN_INT_CONVERSION = YES;
				CLANG_WARN_NON_LITERAL_NULL_CONVERSION = YES;
				CLANG_WARN_OBJC_LITERAL_CONVERSION = YES;
				CLANG_WARN_OBJC_ROOT_CLASS = YES_ERROR;
				CLANG_WARN_RANGE_LOOP_ANALYSIS = YES;
				CLANG_WARN_STRICT_PROTOTYPES = YES;
				CLANG_WARN_SUSPICIOUS_MOVE = YES;
				CLANG_WARN_UNGUARDED_AVAILABILITY = YES_AGGRESSIVE;
				CLANG_WARN_UNREACHABLE_CODE = YES;
				CLANG_WARN__DUPLICATE_METHOD_MATCH = YES;
				CODE_SIGN_IDENTITY = "iPhone Developer";
				COPY_PHASE_STRIP = NO;
				DEBUG_INFORMATION_FORMAT = "dwarf-with-dsym";
				ENABLE_NS_ASSERTIONS = NO;
				ENABLE_STRICT_OBJC_MSGSEND = YES;
				GCC_C_LANGUAGE_STANDARD = gnu11;
				GCC_NO_COMMON_BLOCKS = YES;
				GCC_WARN_64_TO_32_BIT_CONVERSION = YES;
				GCC_WARN_ABOUT_RETURN_TYPE = YES_ERROR;
				GCC_WARN_UNDECLARED_SELECTOR = YES;
				GCC_WARN_UNINITIALIZED_AUTOS = YES_AGGRESSIVE;
				GCC_WARN_UNUSED_FUNCTION = YES;
				GCC_WARN_UNUSED_VARIABLE = YES;
				IPHONEOS_DEPLOYMENT_TARGET = 11.0;
				MTL_ENABLE_DEBUG_INFO = NO;
				SDKROOT = iphoneos;
				SWIFT_OPTIMIZATION_LEVEL = "-Owholemodule";
				VALIDATE_PRODUCT = YES;
			};
			name = Release;
		};
		6DFFF48B20D5737700368A45 /* Debug */ = {
			isa = XCBuildConfiguration;
			buildSettings = {
				ASSETCATALOG_COMPILER_APPICON_NAME = AppIcon;
				CODE_SIGN_STYLE = Automatic;
				INFOPLIST_FILE = "cook-book/Info.plist";
				LD_RUNPATH_SEARCH_PATHS = "$(inherited) @executable_path/Frameworks";
				PRODUCT_BUNDLE_IDENTIFIER = "student.roey.honig.cook-book";
				PRODUCT_NAME = "$(TARGET_NAME)";
				SWIFT_VERSION = 4.0;
				TARGETED_DEVICE_FAMILY = "1,2";
			};
			name = Debug;
		};
		6DFFF48C20D5737700368A45 /* Release */ = {
			isa = XCBuildConfiguration;
			buildSettings = {
				ASSETCATALOG_COMPILER_APPICON_NAME = AppIcon;
				CODE_SIGN_STYLE = Automatic;
				INFOPLIST_FILE = "cook-book/Info.plist";
				LD_RUNPATH_SEARCH_PATHS = "$(inherited) @executable_path/Frameworks";
				PRODUCT_BUNDLE_IDENTIFIER = "student.roey.honig.cook-book";
				PRODUCT_NAME = "$(TARGET_NAME)";
				SWIFT_VERSION = 4.0;
				TARGETED_DEVICE_FAMILY = "1,2";
			};
			name = Release;
		};
/* End XCBuildConfiguration section */

/* Begin XCConfigurationList section */
		6DFFF47020D5737700368A45 /* Build configuration list for PBXProject "cook-book" */ = {
			isa = XCConfigurationList;
			buildConfigurations = (
				6DFFF48820D5737700368A45 /* Debug */,
				6DFFF48920D5737700368A45 /* Release */,
			);
			defaultConfigurationIsVisible = 0;
			defaultConfigurationName = Release;
		};
		6DFFF48A20D5737700368A45 /* Build configuration list for PBXNativeTarget "cook-book" */ = {
			isa = XCConfigurationList;
			buildConfigurations = (
				6DFFF48B20D5737700368A45 /* Debug */,
				6DFFF48C20D5737700368A45 /* Release */,
			);
			defaultConfigurationIsVisible = 0;
			defaultConfigurationName = Release;
		};
/* End XCConfigurationList section */

/* Begin XCVersionGroup section */
		6DFFF47F20D5737700368A45 /* cook_book.xcdatamodeld */ = {
			isa = XCVersionGroup;
			children = (
				6DFFF48020D5737700368A45 /* cook_book.xcdatamodel */,
			);
			currentVersion = 6DFFF48020D5737700368A45 /* cook_book.xcdatamodel */;
			path = cook_book.xcdatamodeld;
			sourceTree = "<group>";
			versionGroupType = wrapper.xcdatamodel;
		};
/* End XCVersionGroup section */
	};
	rootObject = 6DFFF46D20D5737700368A45 /* Project object */;
}
